
Microsoft Visual Studio Solution File, Format Version 12.00
# Visual Studio Version 17
VisualStudioVersion = 17.11.35222.181
MinimumVisualStudioVersion = 10.0.40219.1
Project("{FAE04EC0-301F-11D3-BF4B-00C04F79EFBC}") = "Bank-project-CSharp-WindowsForm", "Bank-project-CSharp-WindowsForm.csproj", "{524458A0-25E4-43E6-8397-9FEF06E41088}"
EndProject
Project("{FAE04EC0-301F-11D3-BF4B-00C04F79EFBC}") = "DataBussinnesLayer", "..\DataBusinnesLayer\DataBussinnesLayer.csproj", "{703E3426-F8A2-46AF-8CC6-06797F060BC4}"
EndProject
Project("{FAE04EC0-301F-11D3-BF4B-00C04F79EFBC}") = "DataAccessLayer", "..\DataAccessLayer\DataAccessLayer.csproj", "{F79936C8-4B49-446C-B313-D4699B01EF1B}"
EndProject
Global
	GlobalSection(SolutionConfigurationPlatforms) = preSolution
		Debug|Any CPU = Debug|Any CPU
		Release|Any CPU = Release|Any CPU
	EndGlobalSection
	GlobalSection(ProjectConfigurationPlatforms) = postSolution
		{524458A0-25E4-43E6-8397-9FEF06E41088}.Debug|Any CPU.ActiveCfg = Debug|Any CPU
		{524458A0-25E4-43E6-8397-9FEF06E41088}.Debug|Any CPU.Build.0 = Debug|Any CPU
		{524458A0-25E4-43E6-8397-9FEF06E41088}.Release|Any CPU.ActiveCfg = Release|Any CPU
		{524458A0-25E4-43E6-8397-9FEF06E41088}.Release|Any CPU.Build.0 = Release|Any CPU
		{703E3426-F8A2-46AF-8CC6-06797F060BC4}.Debug|Any CPU.ActiveCfg = Debug|Any CPU
		{703E3426-F8A2-46AF-8CC6-06797F060BC4}.Debug|Any CPU.Build.0 = Debug|Any CPU
		{703E3426-F8A2-46AF-8CC6-06797F060BC4}.Release|Any CPU.ActiveCfg = Release|Any CPU
		{703E3426-F8A2-46AF-8CC6-06797F060BC4}.Release|Any CPU.Build.0 = Release|Any CPU
		{F79936C8-4B49-446C-B313-D4699B01EF1B}.Debug|Any CPU.ActiveCfg = Debug|Any CPU
		{F79936C8-4B49-446C-B313-D4699B01EF1B}.Debug|Any CPU.Build.0 = Debug|Any CPU
		{F79936C8-4B49-446C-B313-D4699B01EF1B}.Release|Any CPU.ActiveCfg = Release|Any CPU
		{F79936C8-4B49-446C-B313-D4699B01EF1B}.Release|Any CPU.Build.0 = Release|Any CPU
	EndGlobalSection
	GlobalSection(SolutionProperties) = preSolution
		HideSolutionNode = FALSE
	EndGlobalSection
	GlobalSection(ExtensibilityGlobals) = postSolution
		SolutionGuid = {A92E57A8-DB50-4567-B5D0-DAE2440EE471}
	EndGlobalSection
EndGlobal
